
Microsoft Visual Studio Solution File, Format Version 12.00
# Visual Studio Version 17
VisualStudioVersion = 17.11.35312.102
MinimumVisualStudioVersion = 10.0.40219.1
Project("{FAE04EC0-301F-11D3-BF4B-00C04F79EFBC}") = "CheckoutSystem", "CheckoutSystem\CheckoutSystem.csproj", "{0E8BDE23-BFAF-444B-8803-4F34064C5909}"
EndProject
Project("{FAE04EC0-301F-11D3-BF4B-00C04F79EFBC}") = "CheckoutSystem.Test", "CheckoutSystem.Test\CheckoutSystem.Test.csproj", "{BF392DF5-50D7-4AEE-B9EC-6B5305B4879A}"
EndProject
Global
	GlobalSection(SolutionConfigurationPlatforms) = preSolution
		Debug|Any CPU = Debug|Any CPU
		Release|Any CPU = Release|Any CPU
	EndGlobalSection
	GlobalSection(ProjectConfigurationPlatforms) = postSolution
		{0E8BDE23-BFAF-444B-8803-4F34064C5909}.Debug|Any CPU.ActiveCfg = Debug|Any CPU
		{0E8BDE23-BFAF-444B-8803-4F34064C5909}.Debug|Any CPU.Build.0 = Debug|Any CPU
		{0E8BDE23-BFAF-444B-8803-4F34064C5909}.Release|Any CPU.ActiveCfg = Release|Any CPU
		{0E8BDE23-BFAF-444B-8803-4F34064C5909}.Release|Any CPU.Build.0 = Release|Any CPU
		{BF392DF5-50D7-4AEE-B9EC-6B5305B4879A}.Debug|Any CPU.ActiveCfg = Debug|Any CPU
		{BF392DF5-50D7-4AEE-B9EC-6B5305B4879A}.Debug|Any CPU.Build.0 = Debug|Any CPU
		{BF392DF5-50D7-4AEE-B9EC-6B5305B4879A}.Release|Any CPU.ActiveCfg = Release|Any CPU
		{BF392DF5-50D7-4AEE-B9EC-6B5305B4879A}.Release|Any CPU.Build.0 = Release|Any CPU
	EndGlobalSection
	GlobalSection(SolutionProperties) = preSolution
		HideSolutionNode = FALSE
	EndGlobalSection
	GlobalSection(ExtensibilityGlobals) = postSolution
		SolutionGuid = {7D93A10C-E95E-4D79-8D26-B2D50040E554}
	EndGlobalSection
EndGlobal
